{
  "name": "Marvin3",
  "lockfileVersion": 2,
  "requires": true,
  "packages": {
    "": {
      "dependencies": {
        "chart.js": "^3.7.0",
        "i": "^0.3.7",
        "vue-charts": "^0.2.1"
      }
    },
    "node_modules/chart.js": {
      "version": "3.7.0",
      "resolved": "https://registry.npmjs.org/chart.js/-/chart.js-3.7.0.tgz",
      "integrity": "sha512-31gVuqqKp3lDIFmzpKIrBeum4OpZsQjSIAqlOpgjosHDJZlULtvwLEZKtEhIAZc7JMPaHlYMys40Qy9Mf+1AAg=="
    },
    "node_modules/i": {
      "version": "0.3.7",
      "resolved": "https://registry.npmjs.org/i/-/i-0.3.7.tgz",
      "integrity": "sha512-FYz4wlXgkQwIPqhzC5TdNMLSE5+GS1IIDJZY/1ZiEPCT2S3COUVZeT5OW4BmW4r5LHLQuOosSwsvnroG9GR59Q==",
      "engines": {
        "node": ">=0.4"
      }
    },
    "node_modules/lodash": {
      "version": "4.17.21",
      "resolved": "https://registry.npmjs.org/lodash/-/lodash-4.17.21.tgz",
      "integrity": "sha512-v2kDEe57lecTulaDIuNTPy3Ry4gLGJ6Z1O3vE1krgXZNrsQ+LFTGHVxVjcXPs17LhbZVGedAJv8XZ1tvj5FvSg=="
    },
    "node_modules/vue": {
      "version": "2.6.14",
      "resolved": "https://registry.npmjs.org/vue/-/vue-2.6.14.tgz",
      "integrity": "sha512-x2284lgYvjOMj3Za7kqzRcUSxBboHqtgRE2zlos1qWaOye5yUmHn42LB1250NJBLRwEcdrB0JRwyPTEPhfQjiQ=="
    },
    "node_modules/vue-charts": {
      "version": "0.2.1",
      "resolved": "https://registry.npmjs.org/vue-charts/-/vue-charts-0.2.1.tgz",
      "integrity": "sha1-R0jh9IW11GceMUokwAmduGYzvTE=",
      "dependencies": {
        "lodash": "^4.3.0",
        "vue": "^2.0.3"
      }
    }
  },
  "dependencies": {
    "chart.js": {
      "version": "3.7.0",
      "resolved": "https://registry.npmjs.org/chart.js/-/chart.js-3.7.0.tgz",
      "integrity": "sha512-31gVuqqKp3lDIFmzpKIrBeum4OpZsQjSIAqlOpgjosHDJZlULtvwLEZKtEhIAZc7JMPaHlYMys40Qy9Mf+1AAg=="
    },
    "i": {
      "version": "0.3.7",
      "resolved": "https://registry.npmjs.org/i/-/i-0.3.7.tgz",
      "integrity": "sha512-FYz4wlXgkQwIPqhzC5TdNMLSE5+GS1IIDJZY/1ZiEPCT2S3COUVZeT5OW4BmW4r5LHLQuOosSwsvnroG9GR59Q=="
    },
    "lodash": {
      "version": "4.17.21",
      "resolved": "https://registry.npmjs.org/lodash/-/lodash-4.17.21.tgz",
      "integrity": "sha512-v2kDEe57lecTulaDIuNTPy3Ry4gLGJ6Z1O3vE1krgXZNrsQ+LFTGHVxVjcXPs17LhbZVGedAJv8XZ1tvj5FvSg=="
    },
    "vue": {
      "version": "2.6.14",
      "resolved": "https://registry.npmjs.org/vue/-/vue-2.6.14.tgz",
      "integrity": "sha512-x2284lgYvjOMj3Za7kqzRcUSxBboHqtgRE2zlos1qWaOye5yUmHn42LB1250NJBLRwEcdrB0JRwyPTEPhfQjiQ=="
    },
    "vue-charts": {
      "version": "0.2.1",
      "resolved": "https://registry.npmjs.org/vue-charts/-/vue-charts-0.2.1.tgz",
      "integrity": "sha1-R0jh9IW11GceMUokwAmduGYzvTE=",
      "requires": {
        "lodash": "^4.3.0",
        "vue": "^2.0.3"
      }
    }
  }
}
